{"1.1.0",
[{<<"acceptor_pool">>,{pkg,<<"acceptor_pool">>,<<"1.0.0">>},0},
 {<<"chatterbox">>,
  {git,"git@github.com:coretech/ts_chatterbox.git",
       {ref,"43d21a1022b1bef3b52993a3abdb48c52bc5af40"}},
  0},
 {<<"ctx">>,{pkg,<<"ctx">>,<<"0.6.0">>},0},
 {<<"gproc">>,{pkg,<<"gproc">>,<<"0.9.1">>},0},
 {<<"hpack">>,{pkg,<<"hpack_erl">>,<<"0.3.0">>},1}]}.
[
{pkg_hash,[
 {<<"acceptor_pool">>, <<"43C20D2ACAE35F0C2BCD64F9D2BDE267E459F0F3FD23DAB26485BF518C281B21">>},
 {<<"ctx">>, <<"8FF88B70E6400C4DF90142E7F130625B82086077A45364A78D208ED3ED53C7FE">>},
 {<<"gproc">>, <<"F1DF0364423539CF0B80E8201C8B1839E229E5F9B3CCB944C5834626998F5B8C">>},
 {<<"hpack">>, <<"2461899CC4AB6A0EF8E970C1661C5FC6A52D3C25580BC6DD204F84CE94669926">>}]}
].
